
Microsoft Visual Studio Solution File, Format Version 12.00
# Visual Studio Version 17
VisualStudioVersion = 17.0.31919.166
MinimumVisualStudioVersion = 10.0.40219.1
Project("{FAE04EC0-301F-11D3-BF4B-00C04F79EFBC}") = "IMC", "IMC\IMC.csproj", "{4B84E08B-6A93-4A65-ACB6-4D92D422B8BA}"
EndProject
Global
	GlobalSection(SolutionConfigurationPlatforms) = preSolution
		Debug|Any CPU = Debug|Any CPU
		Release|Any CPU = Release|Any CPU
	EndGlobalSection
	GlobalSection(ProjectConfigurationPlatforms) = postSolution
		{4B84E08B-6A93-4A65-ACB6-4D92D422B8BA}.Debug|Any CPU.ActiveCfg = Debug|Any CPU
		{4B84E08B-6A93-4A65-ACB6-4D92D422B8BA}.Debug|Any CPU.Build.0 = Debug|Any CPU
		{4B84E08B-6A93-4A65-ACB6-4D92D422B8BA}.Release|Any CPU.ActiveCfg = Release|Any CPU
		{4B84E08B-6A93-4A65-ACB6-4D92D422B8BA}.Release|Any CPU.Build.0 = Release|Any CPU
	EndGlobalSection
	GlobalSection(SolutionProperties) = preSolution
		HideSolutionNode = FALSE
	EndGlobalSection
	GlobalSection(ExtensibilityGlobals) = postSolution
		SolutionGuid = {74D839B4-B9AC-4B2A-9C2E-50A4941D639A}
	EndGlobalSection
EndGlobal
